// !$*UTF8*$!
{
	archiveVersion = 1;
	classes = {
	};
	objectVersion = 56;
	objects = {

/* Begin PBXBuildFile section */
		D8C0769E29029609007BF697 /* News-24 Watch App.app in Embed Watch Content */ = {isa = PBXBuildFile; fileRef = D8C0769D29029609007BF697 /* News-24 Watch App.app */; settings = {ATTRIBUTES = (RemoveHeadersOnCopy, ); }; };
		D8C076A329029609007BF697 /* News_24App.swift in Sources */ = {isa = PBXBuildFile; fileRef = D8C076A229029609007BF697 /* News_24App.swift */; };
		D8C076A529029609007BF697 /* ContentView.swift in Sources */ = {isa = PBXBuildFile; fileRef = D8C076A429029609007BF697 /* ContentView.swift */; };
		D8C076A72902960C007BF697 /* Assets.xcassets in Resources */ = {isa = PBXBuildFile; fileRef = D8C076A62902960C007BF697 /* Assets.xcassets */; };
		D8C076AA2902960C007BF697 /* Preview Assets.xcassets in Resources */ = {isa = PBXBuildFile; fileRef = D8C076A92902960C007BF697 /* Preview Assets.xcassets */; };
		D8C076B42902960C007BF697 /* News_24_Watch_AppTests.swift in Sources */ = {isa = PBXBuildFile; fileRef = D8C076B32902960C007BF697 /* News_24_Watch_AppTests.swift */; };
		D8C076BE2902960C007BF697 /* News_24_Watch_AppUITests.swift in Sources */ = {isa = PBXBuildFile; fileRef = D8C076BD2902960C007BF697 /* News_24_Watch_AppUITests.swift */; };
		D8C076C02902960C007BF697 /* News_24_Watch_AppUITestsLaunchTests.swift in Sources */ = {isa = PBXBuildFile; fileRef = D8C076BF2902960C007BF697 /* News_24_Watch_AppUITestsLaunchTests.swift */; };
		D8C076D12902C4F0007BF697 /* SplashScreenView.swift in Sources */ = {isa = PBXBuildFile; fileRef = D8C076D02902C4F0007BF697 /* SplashScreenView.swift */; };
		D8C076D7290A60F4007BF697 /* newsApiView.swift in Sources */ = {isa = PBXBuildFile; fileRef = D8C076D6290A60F4007BF697 /* newsApiView.swift */; };
/* End PBXBuildFile section */

/* Begin PBXContainerItemProxy section */
		D8C0769F29029609007BF697 /* PBXContainerItemProxy */ = {
			isa = PBXContainerItemProxy;
			containerPortal = D8C0769129029609007BF697 /* Project object */;
			proxyType = 1;
			remoteGlobalIDString = D8C0769C29029609007BF697;
			remoteInfo = "News-24 Watch App";
		};
		D8C076B02902960C007BF697 /* PBXContainerItemProxy */ = {
			isa = PBXContainerItemProxy;
			containerPortal = D8C0769129029609007BF697 /* Project object */;
			proxyType = 1;
			remoteGlobalIDString = D8C0769C29029609007BF697;
			remoteInfo = "News-24 Watch App";
		};
		D8C076BA2902960C007BF697 /* PBXContainerItemProxy */ = {
			isa = PBXContainerItemProxy;
			containerPortal = D8C0769129029609007BF697 /* Project object */;
			proxyType = 1;
			remoteGlobalIDString = D8C0769C29029609007BF697;
			remoteInfo = "News-24 Watch App";
		};
/* End PBXContainerItemProxy section */

/* Begin PBXCopyFilesBuildPhase section */
		D8C076C62902960C007BF697 /* Embed Watch Content */ = {
			isa = PBXCopyFilesBuildPhase;
			buildActionMask = 2147483647;
			dstPath = "$(CONTENTS_FOLDER_PATH)/Watch";
			dstSubfolderSpec = 16;
			files = (
				D8C0769E29029609007BF697 /* News-24 Watch App.app in Embed Watch Content */,
			);
			name = "Embed Watch Content";
			runOnlyForDeploymentPostprocessing = 0;
		};
/* End PBXCopyFilesBuildPhase section */

/* Begin PBXFileReference section */
		D8C0769729029609007BF697 /* News-24.app */ = {isa = PBXFileReference; explicitFileType = wrapper.application; includeInIndex = 0; path = "News-24.app"; sourceTree = BUILT_PRODUCTS_DIR; };
		D8C0769D29029609007BF697 /* News-24 Watch App.app */ = {isa = PBXFileReference; explicitFileType = wrapper.application; includeInIndex = 0; path = "News-24 Watch App.app"; sourceTree = BUILT_PRODUCTS_DIR; };
		D8C076A229029609007BF697 /* News_24App.swift */ = {isa = PBXFileReference; lastKnownFileType = sourcecode.swift; path = News_24App.swift; sourceTree = "<group>"; };
		D8C076A429029609007BF697 /* ContentView.swift */ = {isa = PBXFileReference; lastKnownFileType = sourcecode.swift; path = ContentView.swift; sourceTree = "<group>"; };
		D8C076A62902960C007BF697 /* Assets.xcassets */ = {isa = PBXFileReference; lastKnownFileType = folder.assetcatalog; path = Assets.xcassets; sourceTree = "<group>"; };
		D8C076A92902960C007BF697 /* Preview Assets.xcassets */ = {isa = PBXFileReference; lastKnownFileType = folder.assetcatalog; path = "Preview Assets.xcassets"; sourceTree = "<group>"; };
		D8C076AF2902960C007BF697 /* News-24 Watch AppTests.xctest */ = {isa = PBXFileReference; explicitFileType = wrapper.cfbundle; includeInIndex = 0; path = "News-24 Watch AppTests.xctest"; sourceTree = BUILT_PRODUCTS_DIR; };
		D8C076B32902960C007BF697 /* News_24_Watch_AppTests.swift */ = {isa = PBXFileReference; lastKnownFileType = sourcecode.swift; path = News_24_Watch_AppTests.swift; sourceTree = "<group>"; };
		D8C076B92902960C007BF697 /* News-24 Watch AppUITests.xctest */ = {isa = PBXFileReference; explicitFileType = wrapper.cfbundle; includeInIndex = 0; path = "News-24 Watch AppUITests.xctest"; sourceTree = BUILT_PRODUCTS_DIR; };
		D8C076BD2902960C007BF697 /* News_24_Watch_AppUITests.swift */ = {isa = PBXFileReference; lastKnownFileType = sourcecode.swift; path = News_24_Watch_AppUITests.swift; sourceTree = "<group>"; };
		D8C076BF2902960C007BF697 /* News_24_Watch_AppUITestsLaunchTests.swift */ = {isa = PBXFileReference; lastKnownFileType = sourcecode.swift; path = News_24_Watch_AppUITestsLaunchTests.swift; sourceTree = "<group>"; };
		D8C076D02902C4F0007BF697 /* SplashScreenView.swift */ = {isa = PBXFileReference; lastKnownFileType = sourcecode.swift; path = SplashScreenView.swift; sourceTree = "<group>"; };
		D8C076D6290A60F4007BF697 /* newsApiView.swift */ = {isa = PBXFileReference; lastKnownFileType = sourcecode.swift; path = newsApiView.swift; sourceTree = "<group>"; };
/* End PBXFileReference section */

/* Begin PBXFrameworksBuildPhase section */
		D8C0769A29029609007BF697 /* Frameworks */ = {
			isa = PBXFrameworksBuildPhase;
			buildActionMask = 2147483647;
			files = (
			);
			runOnlyForDeploymentPostprocessing = 0;
		};
		D8C076AC2902960C007BF697 /* Frameworks */ = {
			isa = PBXFrameworksBuildPhase;
			buildActionMask = 2147483647;
			files = (
			);
			runOnlyForDeploymentPostprocessing = 0;
		};
		D8C076B62902960C007BF697 /* Frameworks */ = {
			isa = PBXFrameworksBuildPhase;
			buildActionMask = 2147483647;
			files = (
			);
			runOnlyForDeploymentPostprocessing = 0;
		};
/* End PBXFrameworksBuildPhase section */

/* Begin PBXGroup section */
		D8C0769029029609007BF697 = {
			isa = PBXGroup;
			children = (
				D8C076D02902C4F0007BF697 /* SplashScreenView.swift */,
				D8C076A129029609007BF697 /* News-24 Watch App */,
				D8C076B22902960C007BF697 /* News-24 Watch AppTests */,
				D8C076BC2902960C007BF697 /* News-24 Watch AppUITests */,
				D8C0769829029609007BF697 /* Products */,
			);
			sourceTree = "<group>";
		};
		D8C0769829029609007BF697 /* Products */ = {
			isa = PBXGroup;
			children = (
				D8C0769729029609007BF697 /* News-24.app */,
				D8C0769D29029609007BF697 /* News-24 Watch App.app */,
				D8C076AF2902960C007BF697 /* News-24 Watch AppTests.xctest */,
				D8C076B92902960C007BF697 /* News-24 Watch AppUITests.xctest */,
			);
			name = Products;
			sourceTree = "<group>";
		};
		D8C076A129029609007BF697 /* News-24 Watch App */ = {
			isa = PBXGroup;
			children = (
				D8C076A229029609007BF697 /* News_24App.swift */,
				D8C076A429029609007BF697 /* ContentView.swift */,
				D8C076D6290A60F4007BF697 /* newsApiView.swift */,
				D8C076A62902960C007BF697 /* Assets.xcassets */,
				D8C076A82902960C007BF697 /* Preview Content */,
			);
			path = "News-24 Watch App";
			sourceTree = "<group>";
		};
		D8C076A82902960C007BF697 /* Preview Content */ = {
			isa = PBXGroup;
			children = (
				D8C076A92902960C007BF697 /* Preview Assets.xcassets */,
			);
			path = "Preview Content";
			sourceTree = "<group>";
		};
		D8C076B22902960C007BF697 /* News-24 Watch AppTests */ = {
			isa = PBXGroup;
			children = (
				D8C076B32902960C007BF697 /* News_24_Watch_AppTests.swift */,
			);
			path = "News-24 Watch AppTests";
			sourceTree = "<group>";
		};
		D8C076BC2902960C007BF697 /* News-24 Watch AppUITests */ = {
			isa = PBXGroup;
			children = (
				D8C076BD2902960C007BF697 /* News_24_Watch_AppUITests.swift */,
				D8C076BF2902960C007BF697 /* News_24_Watch_AppUITestsLaunchTests.swift */,
			);
			path = "News-24 Watch AppUITests";
			sourceTree = "<group>";
		};
/* End PBXGroup section */

/* Begin PBXNativeTarget section */
		D8C0769629029609007BF697 /* News-24 */ = {
			isa = PBXNativeTarget;
			buildConfigurationList = D8C076C72902960C007BF697 /* Build configuration list for PBXNativeTarget "News-24" */;
			buildPhases = (
				D8C0769529029609007BF697 /* Resources */,
				D8C076C62902960C007BF697 /* Embed Watch Content */,
			);
			buildRules = (
			);
			dependencies = (
				D8C076A029029609007BF697 /* PBXTargetDependency */,
			);
			name = "News-24";
			productName = "News-24";
			productReference = D8C0769729029609007BF697 /* News-24.app */;
			productType = "com.apple.product-type.application.watchapp2-container";
		};
		D8C0769C29029609007BF697 /* News-24 Watch App */ = {
			isa = PBXNativeTarget;
			buildConfigurationList = D8C076C32902960C007BF697 /* Build configuration list for PBXNativeTarget "News-24 Watch App" */;
			buildPhases = (
				D8C0769929029609007BF697 /* Sources */,
				D8C0769A29029609007BF697 /* Frameworks */,
				D8C0769B29029609007BF697 /* Resources */,
			);
			buildRules = (
			);
			dependencies = (
			);
			name = "News-24 Watch App";
			productName = "News-24 Watch App";
			productReference = D8C0769D29029609007BF697 /* News-24 Watch App.app */;
			productType = "com.apple.product-type.application";
		};
		D8C076AE2902960C007BF697 /* News-24 Watch AppTests */ = {
			isa = PBXNativeTarget;
			buildConfigurationList = D8C076CA2902960C007BF697 /* Build configuration list for PBXNativeTarget "News-24 Watch AppTests" */;
			buildPhases = (
				D8C076AB2902960C007BF697 /* Sources */,
				D8C076AC2902960C007BF697 /* Frameworks */,
				D8C076AD2902960C007BF697 /* Resources */,
			);
			buildRules = (
			);
			dependencies = (
				D8C076B12902960C007BF697 /* PBXTargetDependency */,
			);
			name = "News-24 Watch AppTests";
			productName = "News-24 Watch AppTests";
			productReference = D8C076AF2902960C007BF697 /* News-24 Watch AppTests.xctest */;
			productType = "com.apple.product-type.bundle.unit-test";
		};
		D8C076B82902960C007BF697 /* News-24 Watch AppUITests */ = {
			isa = PBXNativeTarget;
			buildConfigurationList = D8C076CD2902960C007BF697 /* Build configuration list for PBXNativeTarget "News-24 Watch AppUITests" */;
			buildPhases = (
				D8C076B52902960C007BF697 /* Sources */,
				D8C076B62902960C007BF697 /* Frameworks */,
				D8C076B72902960C007BF697 /* Resources */,
			);
			buildRules = (
			);
			dependencies = (
				D8C076BB2902960C007BF697 /* PBXTargetDependency */,
			);
			name = "News-24 Watch AppUITests";
			productName = "News-24 Watch AppUITests";
			productReference = D8C076B92902960C007BF697 /* News-24 Watch AppUITests.xctest */;
			productType = "com.apple.product-type.bundle.ui-testing";
		};
/* End PBXNativeTarget section */

/* Begin PBXProject section */
		D8C0769129029609007BF697 /* Project object */ = {
			isa = PBXProject;
			attributes = {
				BuildIndependentTargetsInParallel = 1;
				LastSwiftUpdateCheck = 1400;
				LastUpgradeCheck = 1400;
				TargetAttributes = {
					D8C0769629029609007BF697 = {
						CreatedOnToolsVersion = 14.0;
					};
					D8C0769C29029609007BF697 = {
						CreatedOnToolsVersion = 14.0;
					};
					D8C076AE2902960C007BF697 = {
						CreatedOnToolsVersion = 14.0;
						TestTargetID = D8C0769C29029609007BF697;
					};
					D8C076B82902960C007BF697 = {
						CreatedOnToolsVersion = 14.0;
						TestTargetID = D8C0769C29029609007BF697;
					};
				};
			};
			buildConfigurationList = D8C0769429029609007BF697 /* Build configuration list for PBXProject "News-24" */;
			compatibilityVersion = "Xcode 14.0";
			developmentRegion = en;
			hasScannedForEncodings = 0;
			knownRegions = (
				en,
				Base,
			);
			mainGroup = D8C0769029029609007BF697;
			productRefGroup = D8C0769829029609007BF697 /* Products */;
			projectDirPath = "";
			projectRoot = "";
			targets = (
				D8C0769629029609007BF697 /* News-24 */,
				D8C0769C29029609007BF697 /* News-24 Watch App */,
				D8C076AE2902960C007BF697 /* News-24 Watch AppTests */,
				D8C076B82902960C007BF697 /* News-24 Watch AppUITests */,
			);
		};
/* End PBXProject section */

/* Begin PBXResourcesBuildPhase section */
		D8C0769529029609007BF697 /* Resources */ = {
			isa = PBXResourcesBuildPhase;
			buildActionMask = 2147483647;
			files = (
			);
			runOnlyForDeploymentPostprocessing = 0;
		};
		D8C0769B29029609007BF697 /* Resources */ = {
			isa = PBXResourcesBuildPhase;
			buildActionMask = 2147483647;
			files = (
				D8C076AA2902960C007BF697 /* Preview Assets.xcassets in Resources */,
				D8C076A72902960C007BF697 /* Assets.xcassets in Resources */,
			);
			runOnlyForDeploymentPostprocessing = 0;
		};
		D8C076AD2902960C007BF697 /* Resources */ = {
			isa = PBXResourcesBuildPhase;
			buildActionMask = 2147483647;
			files = (
			);
			runOnlyForDeploymentPostprocessing = 0;
		};
		D8C076B72902960C007BF697 /* Resources */ = {
			isa = PBXResourcesBuildPhase;
			buildActionMask = 2147483647;
			files = (
			);
			runOnlyForDeploymentPostprocessing = 0;
		};
/* End PBXResourcesBuildPhase section */

/* Begin PBXSourcesBuildPhase section */
		D8C0769929029609007BF697 /* Sources */ = {
			isa = PBXSourcesBuildPhase;
			buildActionMask = 2147483647;
			files = (
				D8C076A529029609007BF697 /* ContentView.swift in Sources */,
				D8C076A329029609007BF697 /* News_24App.swift in Sources */,
				D8C076D7290A60F4007BF697 /* newsApiView.swift in Sources */,
				D8C076D12902C4F0007BF697 /* SplashScreenView.swift in Sources */,
			);
			runOnlyForDeploymentPostprocessing = 0;
		};
		D8C076AB2902960C007BF697 /* Sources */ = {
			isa = PBXSourcesBuildPhase;
			buildActionMask = 2147483647;
			files = (
				D8C076B42902960C007BF697 /* News_24_Watch_AppTests.swift in Sources */,
			);
			runOnlyForDeploymentPostprocessing = 0;
		};
		D8C076B52902960C007BF697 /* Sources */ = {
			isa = PBXSourcesBuildPhase;
			buildActionMask = 2147483647;
			files = (
				D8C076BE2902960C007BF697 /* News_24_Watch_AppUITests.swift in Sources */,
				D8C076C02902960C007BF697 /* News_24_Watch_AppUITestsLaunchTests.swift in Sources */,
			);
			runOnlyForDeploymentPostprocessing = 0;
		};
/* End PBXSourcesBuildPhase section */

/* Begin PBXTargetDependency section */
		D8C076A029029609007BF697 /* PBXTargetDependency */ = {
			isa = PBXTargetDependency;
			target = D8C0769C29029609007BF697 /* News-24 Watch App */;
			targetProxy = D8C0769F29029609007BF697 /* PBXContainerItemProxy */;
		};
		D8C076B12902960C007BF697 /* PBXTargetDependency */ = {
			isa = PBXTargetDependency;
			target = D8C0769C29029609007BF697 /* News-24 Watch App */;
			targetProxy = D8C076B02902960C007BF697 /* PBXContainerItemProxy */;
		};
		D8C076BB2902960C007BF697 /* PBXTargetDependency */ = {
			isa = PBXTargetDependency;
			target = D8C0769C29029609007BF697 /* News-24 Watch App */;
			targetProxy = D8C076BA2902960C007BF697 /* PBXContainerItemProxy */;
		};
/* End PBXTargetDependency section */

/* Begin XCBuildConfiguration section */
		D8C076C12902960C007BF697 /* Debug */ = {
			isa = XCBuildConfiguration;
			buildSettings = {
				ALWAYS_SEARCH_USER_PATHS = NO;
				CLANG_ANALYZER_NONNULL = YES;
				CLANG_ANALYZER_NUMBER_OBJECT_CONVERSION = YES_AGGRESSIVE;
				CLANG_CXX_LANGUAGE_STANDARD = "gnu++20";
				CLANG_ENABLE_MODULES = YES;
				CLANG_ENABLE_OBJC_ARC = YES;
				CLANG_ENABLE_OBJC_WEAK = YES;
				CLANG_WARN_BLOCK_CAPTURE_AUTORELEASING = YES;
				CLANG_WARN_BOOL_CONVERSION = YES;
				CLANG_WARN_COMMA = YES;
				CLANG_WARN_CONSTANT_CONVERSION = YES;
				CLANG_WARN_DEPRECATED_OBJC_IMPLEMENTATIONS = YES;
				CLANG_WARN_DIRECT_OBJC_ISA_USAGE = YES_ERROR;
				CLANG_WARN_DOCUMENTATION_COMMENTS = YES;
				CLANG_WARN_EMPTY_BODY = YES;
				CLANG_WARN_ENUM_CONVERSION = YES;
				CLANG_WARN_INFINITE_RECURSION = YES;
				CLANG_WARN_INT_CONVERSION = YES;
				CLANG_WARN_NON_LITERAL_NULL_CONVERSION = YES;
				CLANG_WARN_OBJC_IMPLICIT_RETAIN_SELF = YES;
				CLANG_WARN_OBJC_LITERAL_CONVERSION = YES;
				CLANG_WARN_OBJC_ROOT_CLASS = YES_ERROR;
				CLANG_WARN_QUOTED_INCLUDE_IN_FRAMEWORK_HEADER = YES;
				CLANG_WARN_RANGE_LOOP_ANALYSIS = YES;
				CLANG_WARN_STRICT_PROTOTYPES = YES;
				CLANG_WARN_SUSPICIOUS_MOVE = YES;
				CLANG_WARN_UNGUARDED_AVAILABILITY = YES_AGGRESSIVE;
				CLANG_WARN_UNREACHABLE_CODE = YES;
				CLANG_WARN__DUPLICATE_METHOD_MATCH = YES;
				COPY_PHASE_STRIP = NO;
				DEBUG_INFORMATION_FORMAT = dwarf;
				ENABLE_STRICT_OBJC_MSGSEND = YES;
				ENABLE_TESTABILITY = YES;
				GCC_C_LANGUAGE_STANDARD = gnu11;
				GCC_DYNAMIC_NO_PIC = NO;
				GCC_NO_COMMON_BLOCKS = YES;
				GCC_OPTIMIZATION_LEVEL = 0;
				GCC_PREPROCESSOR_DEFINITIONS = (
					"DEBUG=1",
					"$(inherited)",
				);
				GCC_WARN_64_TO_32_BIT_CONVERSION = YES;
				GCC_WARN_ABOUT_RETURN_TYPE = YES_ERROR;
				GCC_WARN_UNDECLARED_SELECTOR = YES;
				GCC_WARN_UNINITIALIZED_AUTOS = YES_AGGRESSIVE;
				GCC_WARN_UNUSED_FUNCTION = YES;
				GCC_WARN_UNUSED_VARIABLE = YES;
				MTL_ENABLE_DEBUG_INFO = INCLUDE_SOURCE;
				MTL_FAST_MATH = YES;
				ONLY_ACTIVE_ARCH = YES;
				SWIFT_ACTIVE_COMPILATION_CONDITIONS = DEBUG;
				SWIFT_OPTIMIZATION_LEVEL = "-Onone";
			};
			name = Debug;
		};
		D8C076C22902960C007BF697 /* Release */ = {
			isa = XCBuildConfiguration;
			buildSettings = {
				ALWAYS_SEARCH_USER_PATHS = NO;
				CLANG_ANALYZER_NONNULL = YES;
				CLANG_ANALYZER_NUMBER_OBJECT_CONVERSION = YES_AGGRESSIVE;
				CLANG_CXX_LANGUAGE_STANDARD = "gnu++20";
				CLANG_ENABLE_MODULES = YES;
				CLANG_ENABLE_OBJC_ARC = YES;
				CLANG_ENABLE_OBJC_WEAK = YES;
				CLANG_WARN_BLOCK_CAPTURE_AUTORELEASING = YES;
				CLANG_WARN_BOOL_CONVERSION = YES;
				CLANG_WARN_COMMA = YES;
				CLANG_WARN_CONSTANT_CONVERSION = YES;
				CLANG_WARN_DEPRECATED_OBJC_IMPLEMENTATIONS = YES;
				CLANG_WARN_DIRECT_OBJC_ISA_USAGE = YES_ERROR;
				CLANG_WARN_DOCUMENTATION_COMMENTS = YES;
				CLANG_WARN_EMPTY_BODY = YES;
				CLANG_WARN_ENUM_CONVERSION = YES;
				CLANG_WARN_INFINITE_RECURSION = YES;
				CLANG_WARN_INT_CONVERSION = YES;
				CLANG_WARN_NON_LITERAL_NULL_CONVERSION = YES;
				CLANG_WARN_OBJC_IMPLICIT_RETAIN_SELF = YES;
				CLANG_WARN_OBJC_LITERAL_CONVERSION = YES;
				CLANG_WARN_OBJC_ROOT_CLASS = YES_ERROR;
				CLANG_WARN_QUOTED_INCLUDE_IN_FRAMEWORK_HEADER = YES;
				CLANG_WARN_RANGE_LOOP_ANALYSIS = YES;
				CLANG_WARN_STRICT_PROTOTYPES = YES;
				CLANG_WARN_SUSPICIOUS_MOVE = YES;
				CLANG_WARN_UNGUARDED_AVAILABILITY = YES_AGGRESSIVE;
				CLANG_WARN_UNREACHABLE_CODE = YES;
				CLANG_WARN__DUPLICATE_METHOD_MATCH = YES;
				COPY_PHASE_STRIP = NO;
				DEBUG_INFORMATION_FORMAT = "dwarf-with-dsym";
				ENABLE_NS_ASSERTIONS = NO;
				ENABLE_STRICT_OBJC_MSGSEND = YES;
				GCC_C_LANGUAGE_STANDARD = gnu11;
				GCC_NO_COMMON_BLOCKS = YES;
				GCC_WARN_64_TO_32_BIT_CONVERSION = YES;
				GCC_WARN_ABOUT_RETURN_TYPE = YES_ERROR;
				GCC_WARN_UNDECLARED_SELECTOR = YES;
				GCC_WARN_UNINITIALIZED_AUTOS = YES_AGGRESSIVE;
				GCC_WARN_UNUSED_FUNCTION = YES;
				GCC_WARN_UNUSED_VARIABLE = YES;
				MTL_ENABLE_DEBUG_INFO = NO;
				MTL_FAST_MATH = YES;
				SWIFT_COMPILATION_MODE = wholemodule;
				SWIFT_OPTIMIZATION_LEVEL = "-O";
			};
			name = Release;
		};
		D8C076C42902960C007BF697 /* Debug */ = {
			isa = XCBuildConfiguration;
			buildSettings = {
				ASSETCATALOG_COMPILER_APPICON_NAME = AppIcon;
				ASSETCATALOG_COMPILER_GLOBAL_ACCENT_COLOR_NAME = AccentColor;
				CODE_SIGN_STYLE = Automatic;
				CURRENT_PROJECT_VERSION = 1;
				DEVELOPMENT_ASSET_PATHS = "\"News-24 Watch App/Preview Content\"";
				ENABLE_PREVIEWS = YES;
				GENERATE_INFOPLIST_FILE = YES;
				INFOPLIST_KEY_CFBundleDisplayName = "News-24";
				INFOPLIST_KEY_UISupportedInterfaceOrientations = "UIInterfaceOrientationPortrait UIInterfaceOrientationPortraitUpsideDown";
				INFOPLIST_KEY_WKWatchOnly = YES;
				LD_RUNPATH_SEARCH_PATHS = (
					"$(inherited)",
					"@executable_path/Frameworks",
				);
				MARKETING_VERSION = 1.0;
				PRODUCT_BUNDLE_IDENTIFIER = "Devin.News-24.watchkitapp";
				PRODUCT_NAME = "$(TARGET_NAME)";
				SDKROOT = watchos;
				SKIP_INSTALL = YES;
				SWIFT_EMIT_LOC_STRINGS = YES;
				SWIFT_VERSION = 5.0;
				TARGETED_DEVICE_FAMILY = 4;
				WATCHOS_DEPLOYMENT_TARGET = 9.0;
			};
			name = Debug;
		};
		D8C076C52902960C007BF697 /* Release */ = {
			isa = XCBuildConfiguration;
			buildSettings = {
				ASSETCATALOG_COMPILER_APPICON_NAME = AppIcon;
				ASSETCATALOG_COMPILER_GLOBAL_ACCENT_COLOR_NAME = AccentColor;
				CODE_SIGN_STYLE = Automatic;
				CURRENT_PROJECT_VERSION = 1;
				DEVELOPMENT_ASSET_PATHS = "\"News-24 Watch App/Preview Content\"";
				ENABLE_PREVIEWS = YES;
				GENERATE_INFOPLIST_FILE = YES;
				INFOPLIST_KEY_CFBundleDisplayName = "News-24";
				INFOPLIST_KEY_UISupportedInterfaceOrientations = "UIInterfaceOrientationPortrait UIInterfaceOrientationPortraitUpsideDown";
				INFOPLIST_KEY_WKWatchOnly = YES;
				LD_RUNPATH_SEARCH_PATHS = (
					"$(inherited)",
					"@executable_path/Frameworks",
				);
				MARKETING_VERSION = 1.0;
				PRODUCT_BUNDLE_IDENTIFIER = "Devin.News-24.watchkitapp";
				PRODUCT_NAME = "$(TARGET_NAME)";
				SDKROOT = watchos;
				SKIP_INSTALL = YES;
				SWIFT_EMIT_LOC_STRINGS = YES;
				SWIFT_VERSION = 5.0;
				TARGETED_DEVICE_FAMILY = 4;
				VALIDATE_PRODUCT = YES;
				WATCHOS_DEPLOYMENT_TARGET = 9.0;
			};
			name = Release;
		};
		D8C076C82902960C007BF697 /* Debug */ = {
			isa = XCBuildConfiguration;
			buildSettings = {
				ALWAYS_EMBED_SWIFT_STANDARD_LIBRARIES = YES;
				CODE_SIGN_STYLE = Automatic;
				CURRENT_PROJECT_VERSION = 1;
				INFOPLIST_KEY_CFBundleDisplayName = "News-24";
				MARKETING_VERSION = 1.0;
				PRODUCT_BUNDLE_IDENTIFIER = "Devin.News-24";
				PRODUCT_NAME = "$(TARGET_NAME)";
				SDKROOT = iphoneos;
				SWIFT_VERSION = 5.0;
			};
			name = Debug;
		};
		D8C076C92902960C007BF697 /* Release */ = {
			isa = XCBuildConfiguration;
			buildSettings = {
				ALWAYS_EMBED_SWIFT_STANDARD_LIBRARIES = YES;
				CODE_SIGN_STYLE = Automatic;
				CURRENT_PROJECT_VERSION = 1;
				INFOPLIST_KEY_CFBundleDisplayName = "News-24";
				MARKETING_VERSION = 1.0;
				PRODUCT_BUNDLE_IDENTIFIER = "Devin.News-24";
				PRODUCT_NAME = "$(TARGET_NAME)";
				SDKROOT = iphoneos;
				SWIFT_VERSION = 5.0;
				VALIDATE_PRODUCT = YES;
			};
			name = Release;
		};
		D8C076CB2902960C007BF697 /* Debug */ = {
			isa = XCBuildConfiguration;
			buildSettings = {
				ALWAYS_EMBED_SWIFT_STANDARD_LIBRARIES = YES;
				BUNDLE_LOADER = "$(TEST_HOST)";
				CODE_SIGN_STYLE = Automatic;
				CURRENT_PROJECT_VERSION = 1;
				GENERATE_INFOPLIST_FILE = YES;
				MARKETING_VERSION = 1.0;
				PRODUCT_BUNDLE_IDENTIFIER = "Devin.News-24-Watch-AppTests";
				PRODUCT_NAME = "$(TARGET_NAME)";
				SDKROOT = watchos;
				SWIFT_EMIT_LOC_STRINGS = NO;
				SWIFT_VERSION = 5.0;
				TARGETED_DEVICE_FAMILY = 4;
				TEST_HOST = "$(BUILT_PRODUCTS_DIR)/News-24 Watch App.app/$(BUNDLE_EXECUTABLE_FOLDER_PATH)/News-24 Watch App";
				WATCHOS_DEPLOYMENT_TARGET = 9.0;
			};
			name = Debug;
		};
		D8C076CC2902960C007BF697 /* Release */ = {
			isa = XCBuildConfiguration;
			buildSettings = {
				ALWAYS_EMBED_SWIFT_STANDARD_LIBRARIES = YES;
				BUNDLE_LOADER = "$(TEST_HOST)";
				CODE_SIGN_STYLE = Automatic;
				CURRENT_PROJECT_VERSION = 1;
				GENERATE_INFOPLIST_FILE = YES;
				MARKETING_VERSION = 1.0;
				PRODUCT_BUNDLE_IDENTIFIER = "Devin.News-24-Watch-AppTests";
				PRODUCT_NAME = "$(TARGET_NAME)";
				SDKROOT = watchos;
				SWIFT_EMIT_LOC_STRINGS = NO;
				SWIFT_VERSION = 5.0;
				TARGETED_DEVICE_FAMILY = 4;
				TEST_HOST = "$(BUILT_PRODUCTS_DIR)/News-24 Watch App.app/$(BUNDLE_EXECUTABLE_FOLDER_PATH)/News-24 Watch App";
				VALIDATE_PRODUCT = YES;
				WATCHOS_DEPLOYMENT_TARGET = 9.0;
			};
			name = Release;
		};
		D8C076CE2902960C007BF697 /* Debug */ = {
			isa = XCBuildConfiguration;
			buildSettings = {
				ALWAYS_EMBED_SWIFT_STANDARD_LIBRARIES = YES;
				CODE_SIGN_STYLE = Automatic;
				CURRENT_PROJECT_VERSION = 1;
				GENERATE_INFOPLIST_FILE = YES;
				MARKETING_VERSION = 1.0;
				PRODUCT_BUNDLE_IDENTIFIER = "Devin.News-24-Watch-AppUITests";
				PRODUCT_NAME = "$(TARGET_NAME)";
				SDKROOT = watchos;
				SWIFT_EMIT_LOC_STRINGS = NO;
				SWIFT_VERSION = 5.0;
				TARGETED_DEVICE_FAMILY = 4;
				TEST_TARGET_NAME = "News-24 Watch App";
				WATCHOS_DEPLOYMENT_TARGET = 9.0;
			};
			name = Debug;
		};
		D8C076CF2902960C007BF697 /* Release */ = {
			isa = XCBuildConfiguration;
			buildSettings = {
				ALWAYS_EMBED_SWIFT_STANDARD_LIBRARIES = YES;
				CODE_SIGN_STYLE = Automatic;
				CURRENT_PROJECT_VERSION = 1;
				GENERATE_INFOPLIST_FILE = YES;
				MARKETING_VERSION = 1.0;
				PRODUCT_BUNDLE_IDENTIFIER = "Devin.News-24-Watch-AppUITests";
				PRODUCT_NAME = "$(TARGET_NAME)";
				SDKROOT = watchos;
				SWIFT_EMIT_LOC_STRINGS = NO;
				SWIFT_VERSION = 5.0;
				TARGETED_DEVICE_FAMILY = 4;
				TEST_TARGET_NAME = "News-24 Watch App";
				VALIDATE_PRODUCT = YES;
				WATCHOS_DEPLOYMENT_TARGET = 9.0;
			};
			name = Release;
		};
/* End XCBuildConfiguration section */

/* Begin XCConfigurationList section */
		D8C0769429029609007BF697 /* Build configuration list for PBXProject "News-24" */ = {
			isa = XCConfigurationList;
			buildConfigurations = (
				D8C076C12902960C007BF697 /* Debug */,
				D8C076C22902960C007BF697 /* Release */,
			);
			defaultConfigurationIsVisible = 0;
			defaultConfigurationName = Release;
		};
		D8C076C32902960C007BF697 /* Build configuration list for PBXNativeTarget "News-24 Watch App" */ = {
			isa = XCConfigurationList;
			buildConfigurations = (
				D8C076C42902960C007BF697 /* Debug */,
				D8C076C52902960C007BF697 /* Release */,
			);
			defaultConfigurationIsVisible = 0;
			defaultConfigurationName = Release;
		};
		D8C076C72902960C007BF697 /* Build configuration list for PBXNativeTarget "News-24" */ = {
			isa = XCConfigurationList;
			buildConfigurations = (
				D8C076C82902960C007BF697 /* Debug */,
				D8C076C92902960C007BF697 /* Release */,
			);
			defaultConfigurationIsVisible = 0;
			defaultConfigurationName = Release;
		};
		D8C076CA2902960C007BF697 /* Build configuration list for PBXNativeTarget "News-24 Watch AppTests" */ = {
			isa = XCConfigurationList;
			buildConfigurations = (
				D8C076CB2902960C007BF697 /* Debug */,
				D8C076CC2902960C007BF697 /* Release */,
			);
			defaultConfigurationIsVisible = 0;
			defaultConfigurationName = Release;
		};
		D8C076CD2902960C007BF697 /* Build configuration list for PBXNativeTarget "News-24 Watch AppUITests" */ = {
			isa = XCConfigurationList;
			buildConfigurations = (
				D8C076CE2902960C007BF697 /* Debug */,
				D8C076CF2902960C007BF697 /* Release */,
			);
			defaultConfigurationIsVisible = 0;
			defaultConfigurationName = Release;
		};
/* End XCConfigurationList section */
	};
	rootObject = D8C0769129029609007BF697 /* Project object */;
}
